<?xml version="1.0" encoding="utf-8"?>
<Project ToolsVersion="4.0" xmlns="http://schemas.microsoft.com/developer/msbuild/2003">
  <ItemGroup>
    <Filter Include="Source Files">
      <UniqueIdentifier>{4FC737F1-C7A5-4376-A066-2A32D752A2FF}</UniqueIdentifier>
      <Extensions>cpp;c;cc;cxx;c++;def;odl;idl;hpj;bat;asm;asmx</Extensions>
    </Filter>
    <Filter Include="Header Files">
      <UniqueIdentifier>{93995380-89BD-4b04-88EB-625FBE52EBFB}</UniqueIdentifier>
      <Extensions>h;hh;hpp;hxx;h++;hm;inl;inc;ipp;xsd</Extensions>
    </Filter>
    <Filter Include="Resource Files">
      <UniqueIdentifier>{67DA6AB6-F800-4c08-8B7A-83BB121AAD01}</UniqueIdentifier>
      <Extensions>rc;ico;cur;bmp;dlg;rc2;rct;bin;rgs;gif;jpg;jpeg;jpe;resx;tiff;tif;png;wav;mfcribbon-ms</Extensions>
    </Filter>
    <Filter Include="MyDXEngine">
      <UniqueIdentifier>{1a43d7d6-6146-48ad-b045-f8b97246b8af}</UniqueIdentifier>
    </Filter>
    <Filter Include="MyDXEngine\DirectXTex">
      <UniqueIdentifier>{a4a0d98f-7060-4a50-a1cd-09e02ecf337e}</UniqueIdentifier>
    </Filter>
  </ItemGroup>
  <ItemGroup>
    <ClInclude Include="framework.h">
      <Filter>Header Files</Filter>
    </ClInclude>
    <ClInclude Include="targetver.h">
      <Filter>Header Files</Filter>
    </ClInclude>
    <ClInclude Include="Resource.h">
      <Filter>Header Files</Filter>
    </ClInclude>
    <ClInclude Include="MyDXEngineTest.h">
      <Filter>Header Files</Filter>
    </ClInclude>
    <ClInclude Include="DirectXTex\DirectXTex.h">
      <Filter>Header Files</Filter>
    </ClInclude>
    <ClInclude Include="..\MyDxEngine\C3DObject.h">
      <Filter>MyDXEngine</Filter>
    </ClInclude>
    <ClInclude Include="..\MyDxEngine\CMYDX3D.h">
      <Filter>MyDXEngine</Filter>
    </ClInclude>
    <ClInclude Include="..\MyDxEngine\CMyDXCam.h">
      <Filter>MyDXEngine</Filter>
    </ClInclude>
    <ClInclude Include="..\MyDxEngine\CMYDXEngine.h">
      <Filter>MyDXEngine</Filter>
    </ClInclude>
    <ClInclude Include="..\MyDxEngine\CMyDXModel.h">
      <Filter>MyDXEngine</Filter>
    </ClInclude>
    <ClInclude Include="..\MyDxEngine\MyDXEngineCommon.h">
      <Filter>MyDXEngine</Filter>
    </ClInclude>
    <ClInclude Include="..\MyDxEngine\DirectXTex\DirectXTex.h">
      <Filter>MyDXEngine\DirectXTex</Filter>
    </ClInclude>
  </ItemGroup>
  <ItemGroup>
    <ClCompile Include="MyDXEngineTest.cpp">
      <Filter>Source Files</Filter>
    </ClCompile>
    <ClCompile Include="..\MyDxEngine\C3DObject.cpp">
      <Filter>MyDXEngine</Filter>
    </ClCompile>
    <ClCompile Include="..\MyDxEngine\CMYDX3D.cpp">
      <Filter>MyDXEngine</Filter>
    </ClCompile>
    <ClCompile Include="..\MyDxEngine\CMyDXCam.cpp">
      <Filter>MyDXEngine</Filter>
    </ClCompile>
    <ClCompile Include="..\MyDxEngine\CMYDXEngine.cpp">
      <Filter>MyDXEngine</Filter>
    </ClCompile>
    <ClCompile Include="..\MyDxEngine\CMyDXModel.cpp">
      <Filter>MyDXEngine</Filter>
    </ClCompile>
  </ItemGroup>
  <ItemGroup>
    <ResourceCompile Include="MyDXEngineTest.rc">
      <Filter>Resource Files</Filter>
    </ResourceCompile>
  </ItemGroup>
  <ItemGroup>
    <Image Include="small.ico">
      <Filter>Resource Files</Filter>
    </Image>
    <Image Include="MyDXEngineTest.ico">
      <Filter>Resource Files</Filter>
    </Image>
  </ItemGroup>
  <ItemGroup>
    <None Include="shaders.shader" />
  </ItemGroup>
</Project>